
Microsoft Visual Studio Solution File, Format Version 12.00
# Visual Studio 2013
VisualStudioVersion = 12.0.21005.1
MinimumVisualStudioVersion = 10.0.40219.1
Project("{FAE04EC0-301F-11D3-BF4B-00C04F79EFBC}") = "Bender", "Bender\Bender.csproj", "{17A00CE7-0601-469B-A923-E3BE99516126}"
EndProject
Project("{FAE04EC0-301F-11D3-BF4B-00C04F79EFBC}") = "Tests", "Tests\Tests.csproj", "{4DC6BF27-4E72-48F0-AE1D-4E89D5D513C6}"
EndProject
Global
	GlobalSection(SolutionConfigurationPlatforms) = preSolution
		Debug|Any CPU = Debug|Any CPU
		Release|Any CPU = Release|Any CPU
	EndGlobalSection
	GlobalSection(ProjectConfigurationPlatforms) = postSolution
		{17A00CE7-0601-469B-A923-E3BE99516126}.Debug|Any CPU.ActiveCfg = Debug|Any CPU
		{17A00CE7-0601-469B-A923-E3BE99516126}.Debug|Any CPU.Build.0 = Debug|Any CPU
		{17A00CE7-0601-469B-A923-E3BE99516126}.Release|Any CPU.ActiveCfg = Release|Any CPU
		{17A00CE7-0601-469B-A923-E3BE99516126}.Release|Any CPU.Build.0 = Release|Any CPU
		{4DC6BF27-4E72-48F0-AE1D-4E89D5D513C6}.Debug|Any CPU.ActiveCfg = Debug|Any CPU
		{4DC6BF27-4E72-48F0-AE1D-4E89D5D513C6}.Debug|Any CPU.Build.0 = Debug|Any CPU
		{4DC6BF27-4E72-48F0-AE1D-4E89D5D513C6}.Release|Any CPU.ActiveCfg = Release|Any CPU
		{4DC6BF27-4E72-48F0-AE1D-4E89D5D513C6}.Release|Any CPU.Build.0 = Release|Any CPU
	EndGlobalSection
	GlobalSection(SolutionProperties) = preSolution
		HideSolutionNode = FALSE
	EndGlobalSection
	GlobalSection(MonoDevelopProperties) = preSolution
		StartupItem = Bender\Bender.csproj
		Policies = $0
		$0.TextStylePolicy = $1
		$1.FileWidth = 120
		$1.EolMarker = Windows
		$1.inheritsSet = VisualStudio
		$1.inheritsScope = text/plain
		$1.scope = text/x-csharp
		$0.CSharpFormattingPolicy = $2
		$2.ElseIfNewLinePlacement = SameLine
		$2.AfterDelegateDeclarationParameterComma = True
		$2.inheritsSet = Mono
		$2.inheritsScope = text/x-csharp
		$2.scope = text/x-csharp
	EndGlobalSection
EndGlobal
